
Microsoft Visual Studio Solution File, Format Version 12.00
# Visual Studio Version 17
VisualStudioVersion = 17.4.33205.214
MinimumVisualStudioVersion = 10.0.40219.1
Project("{FAE04EC0-301F-11D3-BF4B-00C04F79EFBC}") = "ManageCategoriesApp", "ManageCategoriesApp\ManageCategoriesApp.csproj", "{91BAAF90-18DB-41B7-A99B-721D8E40BED5}"
EndProject
Global
	GlobalSection(SolutionConfigurationPlatforms) = preSolution
		Debug|Any CPU = Debug|Any CPU
		Release|Any CPU = Release|Any CPU
	EndGlobalSection
	GlobalSection(ProjectConfigurationPlatforms) = postSolution
		{91BAAF90-18DB-41B7-A99B-721D8E40BED5}.Debug|Any CPU.ActiveCfg = Debug|Any CPU
		{91BAAF90-18DB-41B7-A99B-721D8E40BED5}.Debug|Any CPU.Build.0 = Debug|Any CPU
		{91BAAF90-18DB-41B7-A99B-721D8E40BED5}.Release|Any CPU.ActiveCfg = Release|Any CPU
		{91BAAF90-18DB-41B7-A99B-721D8E40BED5}.Release|Any CPU.Build.0 = Release|Any CPU
	EndGlobalSection
	GlobalSection(SolutionProperties) = preSolution
		HideSolutionNode = FALSE
	EndGlobalSection
	GlobalSection(ExtensibilityGlobals) = postSolution
		SolutionGuid = {B8AB6CCE-9F65-4F97-84F2-5F115B22EEA0}
	EndGlobalSection
EndGlobal
